
Microsoft Visual Studio Solution File, Format Version 12.00
# Visual Studio Version 17
VisualStudioVersion = 17.0.31903.59
MinimumVisualStudioVersion = 10.0.40219.1
Project("{2150E333-8FDC-42A3-9474-1A3956D46DE8}") = "src", "src", "{827E0CD3-B72D-47B6-A68D-7590B98EB39B}"
EndProject
Project("{FAE04EC0-301F-11D3-BF4B-00C04F79EFBC}") = "ClaimsModule.Domain", "src\ClaimsModule.Domain\ClaimsModule.Domain.csproj", "{CE2055BF-F2B0-4164-AF66-F6FB57A1ACAB}"
EndProject
Project("{FAE04EC0-301F-11D3-BF4B-00C04F79EFBC}") = "ClaimsModule.Application", "src\ClaimsModule.Application\ClaimsModule.Application.csproj", "{A37B7CEB-AE64-4768-94B2-8374078CC7C3}"
EndProject
Project("{FAE04EC0-301F-11D3-BF4B-00C04F79EFBC}") = "ClaimsModule.Infrastructure", "src\ClaimsModule.Infrastructure\ClaimsModule.Infrastructure.csproj", "{E13AA7D1-292A-425A-BF3F-6D7E7FAA731C}"
EndProject
Project("{FAE04EC0-301F-11D3-BF4B-00C04F79EFBC}") = "ClaimsModule.Persistence", "src\ClaimsModule.Persistence\ClaimsModule.Persistence.csproj", "{A5AB3DC9-F332-45B1-A55D-AA552947163C}"
EndProject
Project("{FAE04EC0-301F-11D3-BF4B-00C04F79EFBC}") = "ClaimsModule.API", "src\ClaimsModule.API\ClaimsModule.API.csproj", "{A68A60B2-E334-4A6D-B2C0-455B25A7C2A7}"
EndProject
Project("{2150E333-8FDC-42A3-9474-1A3956D46DE8}") = "tests", "tests", "{0AB3BF05-4346-4AA6-1389-037BE0695223}"
EndProject
Project("{FAE04EC0-301F-11D3-BF4B-00C04F79EFBC}") = "ClaimsModule.Application.Tests", "tests\ClaimsModule.Application.Tests\ClaimsModule.Application.Tests.csproj", "{524E6A23-8571-45CE-A610-9529A9D00763}"
EndProject
Project("{FAE04EC0-301F-11D3-BF4B-00C04F79EFBC}") = "ClaimsModule.API.Tests", "tests\ClaimsModule.API.Tests\ClaimsModule.API.Tests.csproj", "{1DE408B0-38BA-4D0C-A521-CA3B569646BF}"
EndProject
Global
	GlobalSection(SolutionConfigurationPlatforms) = preSolution
		Debug|Any CPU = Debug|Any CPU
		Debug|x64 = Debug|x64
		Debug|x86 = Debug|x86
		Release|Any CPU = Release|Any CPU
		Release|x64 = Release|x64
		Release|x86 = Release|x86
	EndGlobalSection
	GlobalSection(ProjectConfigurationPlatforms) = postSolution
		{CE2055BF-F2B0-4164-AF66-F6FB57A1ACAB}.Debug|Any CPU.ActiveCfg = Debug|Any CPU
		{CE2055BF-F2B0-4164-AF66-F6FB57A1ACAB}.Debug|Any CPU.Build.0 = Debug|Any CPU
		{CE2055BF-F2B0-4164-AF66-F6FB57A1ACAB}.Debug|x64.ActiveCfg = Debug|Any CPU
		{CE2055BF-F2B0-4164-AF66-F6FB57A1ACAB}.Debug|x64.Build.0 = Debug|Any CPU
		{CE2055BF-F2B0-4164-AF66-F6FB57A1ACAB}.Debug|x86.ActiveCfg = Debug|Any CPU
		{CE2055BF-F2B0-4164-AF66-F6FB57A1ACAB}.Debug|x86.Build.0 = Debug|Any CPU
		{CE2055BF-F2B0-4164-AF66-F6FB57A1ACAB}.Release|Any CPU.ActiveCfg = Release|Any CPU
		{CE2055BF-F2B0-4164-AF66-F6FB57A1ACAB}.Release|Any CPU.Build.0 = Release|Any CPU
		{CE2055BF-F2B0-4164-AF66-F6FB57A1ACAB}.Release|x64.ActiveCfg = Release|Any CPU
		{CE2055BF-F2B0-4164-AF66-F6FB57A1ACAB}.Release|x64.Build.0 = Release|Any CPU
		{CE2055BF-F2B0-4164-AF66-F6FB57A1ACAB}.Release|x86.ActiveCfg = Release|Any CPU
		{CE2055BF-F2B0-4164-AF66-F6FB57A1ACAB}.Release|x86.Build.0 = Release|Any CPU
		{A37B7CEB-AE64-4768-94B2-8374078CC7C3}.Debug|Any CPU.ActiveCfg = Debug|Any CPU
		{A37B7CEB-AE64-4768-94B2-8374078CC7C3}.Debug|Any CPU.Build.0 = Debug|Any CPU
		{A37B7CEB-AE64-4768-94B2-8374078CC7C3}.Debug|x64.ActiveCfg = Debug|Any CPU
		{A37B7CEB-AE64-4768-94B2-8374078CC7C3}.Debug|x64.Build.0 = Debug|Any CPU
		{A37B7CEB-AE64-4768-94B2-8374078CC7C3}.Debug|x86.ActiveCfg = Debug|Any CPU
		{A37B7CEB-AE64-4768-94B2-8374078CC7C3}.Debug|x86.Build.0 = Debug|Any CPU
		{A37B7CEB-AE64-4768-94B2-8374078CC7C3}.Release|Any CPU.ActiveCfg = Release|Any CPU
		{A37B7CEB-AE64-4768-94B2-8374078CC7C3}.Release|Any CPU.Build.0 = Release|Any CPU
		{A37B7CEB-AE64-4768-94B2-8374078CC7C3}.Release|x64.ActiveCfg = Release|Any CPU
		{A37B7CEB-AE64-4768-94B2-8374078CC7C3}.Release|x64.Build.0 = Release|Any CPU
		{A37B7CEB-AE64-4768-94B2-8374078CC7C3}.Release|x86.ActiveCfg = Release|Any CPU
		{A37B7CEB-AE64-4768-94B2-8374078CC7C3}.Release|x86.Build.0 = Release|Any CPU
		{E13AA7D1-292A-425A-BF3F-6D7E7FAA731C}.Debug|Any CPU.ActiveCfg = Debug|Any CPU
		{E13AA7D1-292A-425A-BF3F-6D7E7FAA731C}.Debug|Any CPU.Build.0 = Debug|Any CPU
		{E13AA7D1-292A-425A-BF3F-6D7E7FAA731C}.Debug|x64.ActiveCfg = Debug|Any CPU
		{E13AA7D1-292A-425A-BF3F-6D7E7FAA731C}.Debug|x64.Build.0 = Debug|Any CPU
		{E13AA7D1-292A-425A-BF3F-6D7E7FAA731C}.Debug|x86.ActiveCfg = Debug|Any CPU
		{E13AA7D1-292A-425A-BF3F-6D7E7FAA731C}.Debug|x86.Build.0 = Debug|Any CPU
		{E13AA7D1-292A-425A-BF3F-6D7E7FAA731C}.Release|Any CPU.ActiveCfg = Release|Any CPU
		{E13AA7D1-292A-425A-BF3F-6D7E7FAA731C}.Release|Any CPU.Build.0 = Release|Any CPU
		{E13AA7D1-292A-425A-BF3F-6D7E7FAA731C}.Release|x64.ActiveCfg = Release|Any CPU
		{E13AA7D1-292A-425A-BF3F-6D7E7FAA731C}.Release|x64.Build.0 = Release|Any CPU
		{E13AA7D1-292A-425A-BF3F-6D7E7FAA731C}.Release|x86.ActiveCfg = Release|Any CPU
		{E13AA7D1-292A-425A-BF3F-6D7E7FAA731C}.Release|x86.Build.0 = Release|Any CPU
		{A5AB3DC9-F332-45B1-A55D-AA552947163C}.Debug|Any CPU.ActiveCfg = Debug|Any CPU
		{A5AB3DC9-F332-45B1-A55D-AA552947163C}.Debug|Any CPU.Build.0 = Debug|Any CPU
		{A5AB3DC9-F332-45B1-A55D-AA552947163C}.Debug|x64.ActiveCfg = Debug|Any CPU
		{A5AB3DC9-F332-45B1-A55D-AA552947163C}.Debug|x64.Build.0 = Debug|Any CPU
		{A5AB3DC9-F332-45B1-A55D-AA552947163C}.Debug|x86.ActiveCfg = Debug|Any CPU
		{A5AB3DC9-F332-45B1-A55D-AA552947163C}.Debug|x86.Build.0 = Debug|Any CPU
		{A5AB3DC9-F332-45B1-A55D-AA552947163C}.Release|Any CPU.ActiveCfg = Release|Any CPU
		{A5AB3DC9-F332-45B1-A55D-AA552947163C}.Release|Any CPU.Build.0 = Release|Any CPU
		{A5AB3DC9-F332-45B1-A55D-AA552947163C}.Release|x64.ActiveCfg = Release|Any CPU
		{A5AB3DC9-F332-45B1-A55D-AA552947163C}.Release|x64.Build.0 = Release|Any CPU
		{A5AB3DC9-F332-45B1-A55D-AA552947163C}.Release|x86.ActiveCfg = Release|Any CPU
		{A5AB3DC9-F332-45B1-A55D-AA552947163C}.Release|x86.Build.0 = Release|Any CPU
		{A68A60B2-E334-4A6D-B2C0-455B25A7C2A7}.Debug|Any CPU.ActiveCfg = Debug|Any CPU
		{A68A60B2-E334-4A6D-B2C0-455B25A7C2A7}.Debug|Any CPU.Build.0 = Debug|Any CPU
		{A68A60B2-E334-4A6D-B2C0-455B25A7C2A7}.Debug|x64.ActiveCfg = Debug|Any CPU
		{A68A60B2-E334-4A6D-B2C0-455B25A7C2A7}.Debug|x64.Build.0 = Debug|Any CPU
		{A68A60B2-E334-4A6D-B2C0-455B25A7C2A7}.Debug|x86.ActiveCfg = Debug|Any CPU
		{A68A60B2-E334-4A6D-B2C0-455B25A7C2A7}.Debug|x86.Build.0 = Debug|Any CPU
		{A68A60B2-E334-4A6D-B2C0-455B25A7C2A7}.Release|Any CPU.ActiveCfg = Release|Any CPU
		{A68A60B2-E334-4A6D-B2C0-455B25A7C2A7}.Release|Any CPU.Build.0 = Release|Any CPU
		{A68A60B2-E334-4A6D-B2C0-455B25A7C2A7}.Release|x64.ActiveCfg = Release|Any CPU
		{A68A60B2-E334-4A6D-B2C0-455B25A7C2A7}.Release|x64.Build.0 = Release|Any CPU
		{A68A60B2-E334-4A6D-B2C0-455B25A7C2A7}.Release|x86.ActiveCfg = Release|Any CPU
		{A68A60B2-E334-4A6D-B2C0-455B25A7C2A7}.Release|x86.Build.0 = Release|Any CPU
		{524E6A23-8571-45CE-A610-9529A9D00763}.Debug|Any CPU.ActiveCfg = Debug|Any CPU
		{524E6A23-8571-45CE-A610-9529A9D00763}.Debug|Any CPU.Build.0 = Debug|Any CPU
		{524E6A23-8571-45CE-A610-9529A9D00763}.Debug|x64.ActiveCfg = Debug|Any CPU
		{524E6A23-8571-45CE-A610-9529A9D00763}.Debug|x64.Build.0 = Debug|Any CPU
		{524E6A23-8571-45CE-A610-9529A9D00763}.Debug|x86.ActiveCfg = Debug|Any CPU
		{524E6A23-8571-45CE-A610-9529A9D00763}.Debug|x86.Build.0 = Debug|Any CPU
		{524E6A23-8571-45CE-A610-9529A9D00763}.Release|Any CPU.ActiveCfg = Release|Any CPU
		{524E6A23-8571-45CE-A610-9529A9D00763}.Release|Any CPU.Build.0 = Release|Any CPU
		{524E6A23-8571-45CE-A610-9529A9D00763}.Release|x64.ActiveCfg = Release|Any CPU
		{524E6A23-8571-45CE-A610-9529A9D00763}.Release|x64.Build.0 = Release|Any CPU
		{524E6A23-8571-45CE-A610-9529A9D00763}.Release|x86.ActiveCfg = Release|Any CPU
		{524E6A23-8571-45CE-A610-9529A9D00763}.Release|x86.Build.0 = Release|Any CPU
		{1DE408B0-38BA-4D0C-A521-CA3B569646BF}.Debug|Any CPU.ActiveCfg = Debug|Any CPU
		{1DE408B0-38BA-4D0C-A521-CA3B569646BF}.Debug|Any CPU.Build.0 = Debug|Any CPU
		{1DE408B0-38BA-4D0C-A521-CA3B569646BF}.Debug|x64.ActiveCfg = Debug|Any CPU
		{1DE408B0-38BA-4D0C-A521-CA3B569646BF}.Debug|x64.Build.0 = Debug|Any CPU
		{1DE408B0-38BA-4D0C-A521-CA3B569646BF}.Debug|x86.ActiveCfg = Debug|Any CPU
		{1DE408B0-38BA-4D0C-A521-CA3B569646BF}.Debug|x86.Build.0 = Debug|Any CPU
		{1DE408B0-38BA-4D0C-A521-CA3B569646BF}.Release|Any CPU.ActiveCfg = Release|Any CPU
		{1DE408B0-38BA-4D0C-A521-CA3B569646BF}.Release|Any CPU.Build.0 = Release|Any CPU
		{1DE408B0-38BA-4D0C-A521-CA3B569646BF}.Release|x64.ActiveCfg = Release|Any CPU
		{1DE408B0-38BA-4D0C-A521-CA3B569646BF}.Release|x64.Build.0 = Release|Any CPU
		{1DE408B0-38BA-4D0C-A521-CA3B569646BF}.Release|x86.ActiveCfg = Release|Any CPU
		{1DE408B0-38BA-4D0C-A521-CA3B569646BF}.Release|x86.Build.0 = Release|Any CPU
	EndGlobalSection
	GlobalSection(SolutionProperties) = preSolution
		HideSolutionNode = FALSE
	EndGlobalSection
	GlobalSection(NestedProjects) = preSolution
		{CE2055BF-F2B0-4164-AF66-F6FB57A1ACAB} = {827E0CD3-B72D-47B6-A68D-7590B98EB39B}
		{A37B7CEB-AE64-4768-94B2-8374078CC7C3} = {827E0CD3-B72D-47B6-A68D-7590B98EB39B}
		{E13AA7D1-292A-425A-BF3F-6D7E7FAA731C} = {827E0CD3-B72D-47B6-A68D-7590B98EB39B}
		{A5AB3DC9-F332-45B1-A55D-AA552947163C} = {827E0CD3-B72D-47B6-A68D-7590B98EB39B}
		{A68A60B2-E334-4A6D-B2C0-455B25A7C2A7} = {827E0CD3-B72D-47B6-A68D-7590B98EB39B}
		{524E6A23-8571-45CE-A610-9529A9D00763} = {0AB3BF05-4346-4AA6-1389-037BE0695223}
		{1DE408B0-38BA-4D0C-A521-CA3B569646BF} = {0AB3BF05-4346-4AA6-1389-037BE0695223}
	EndGlobalSection
EndGlobal
